
Microsoft Visual Studio Solution File, Format Version 12.00
# Visual Studio Version 17
VisualStudioVersion = 17.0.31903.59
MinimumVisualStudioVersion = 10.0.40219.1
Project("{2150E333-8FDC-42A3-9474-1A3956D46DE8}") = "src", "src", "{827E0CD3-B72D-47B6-A68D-7590B98EB39B}"
EndProject
Project("{FAE04EC0-301F-11D3-BF4B-00C04F79EFBC}") = "FairShareApp.Backend.Domain", "src\Domain\FairShareApp.Backend.Domain.csproj", "{99D923A4-0AFE-4336-A0B6-6D167DCF0FDB}"
EndProject
Project("{FAE04EC0-301F-11D3-BF4B-00C04F79EFBC}") = "FairShareApp.Backend.Application", "src\Application\FairShareApp.Backend.Application.csproj", "{6C1D5081-81A7-428A-9083-0E3904F45969}"
EndProject
Project("{FAE04EC0-301F-11D3-BF4B-00C04F79EFBC}") = "FairShareApp.Backend.Infrastructure", "src\Infrastructure\FairShareApp.Backend.Infrastructure.csproj", "{68E56FD2-C8F4-486E-B1F1-67486694ED33}"
EndProject
Project("{FAE04EC0-301F-11D3-BF4B-00C04F79EFBC}") = "FairShareApp.Backend.Api", "src\Interface\Api\FairShareApp.Backend.Api.csproj", "{7944C430-CB03-42E3-8F66-E733B17669FC}"
EndProject
Project("{FAE04EC0-301F-11D3-BF4B-00C04F79EFBC}") = "FairShareApp.Backend.Tests.Unit", "tests\unit\FairShareApp.Backend.Tests.Unit.csproj", "{2DF213D2-C12C-4E03-AD6D-FA1BE11B04C7}"
EndProject
Project("{FAE04EC0-301F-11D3-BF4B-00C04F79EFBC}") = "FairShareApp.Backend.Tests.Integration", "tests\integration\FairShareApp.Backend.Tests.Integration.csproj", "{7187467E-C40F-4478-A949-6EA64E4513A3}"
EndProject
Project("{FAE04EC0-301F-11D3-BF4B-00C04F79EFBC}") = "FairShareApp.Backend.Tests.Contract", "tests\contract\FairShareApp.Backend.Tests.Contract.csproj", "{EC9E5730-94C8-4C74-99F6-6FF224E320D4}"
EndProject
Project("{FAE04EC0-301F-11D3-BF4B-00C04F79EFBC}") = "FairShareApp.Backend.Tests.Load", "tests\load\FairShareApp.Backend.Tests.Load.csproj", "{3B28579B-1AB8-4037-9B3C-F2FDA98C3CCF}"
EndProject
Global
	GlobalSection(SolutionConfigurationPlatforms) = preSolution
		Debug|Any CPU = Debug|Any CPU
		Debug|x64 = Debug|x64
		Debug|x86 = Debug|x86
		Release|Any CPU = Release|Any CPU
		Release|x64 = Release|x64
		Release|x86 = Release|x86
	EndGlobalSection
	GlobalSection(ProjectConfigurationPlatforms) = postSolution
		{99D923A4-0AFE-4336-A0B6-6D167DCF0FDB}.Debug|Any CPU.ActiveCfg = Debug|Any CPU
		{99D923A4-0AFE-4336-A0B6-6D167DCF0FDB}.Debug|Any CPU.Build.0 = Debug|Any CPU
		{99D923A4-0AFE-4336-A0B6-6D167DCF0FDB}.Debug|x64.ActiveCfg = Debug|Any CPU
		{99D923A4-0AFE-4336-A0B6-6D167DCF0FDB}.Debug|x64.Build.0 = Debug|Any CPU
		{99D923A4-0AFE-4336-A0B6-6D167DCF0FDB}.Debug|x86.ActiveCfg = Debug|Any CPU
		{99D923A4-0AFE-4336-A0B6-6D167DCF0FDB}.Debug|x86.Build.0 = Debug|Any CPU
		{99D923A4-0AFE-4336-A0B6-6D167DCF0FDB}.Release|Any CPU.ActiveCfg = Release|Any CPU
		{99D923A4-0AFE-4336-A0B6-6D167DCF0FDB}.Release|Any CPU.Build.0 = Release|Any CPU
		{99D923A4-0AFE-4336-A0B6-6D167DCF0FDB}.Release|x64.ActiveCfg = Release|Any CPU
		{99D923A4-0AFE-4336-A0B6-6D167DCF0FDB}.Release|x64.Build.0 = Release|Any CPU
		{99D923A4-0AFE-4336-A0B6-6D167DCF0FDB}.Release|x86.ActiveCfg = Release|Any CPU
		{99D923A4-0AFE-4336-A0B6-6D167DCF0FDB}.Release|x86.Build.0 = Release|Any CPU
		{6C1D5081-81A7-428A-9083-0E3904F45969}.Debug|Any CPU.ActiveCfg = Debug|Any CPU
		{6C1D5081-81A7-428A-9083-0E3904F45969}.Debug|Any CPU.Build.0 = Debug|Any CPU
		{6C1D5081-81A7-428A-9083-0E3904F45969}.Debug|x64.ActiveCfg = Debug|Any CPU
		{6C1D5081-81A7-428A-9083-0E3904F45969}.Debug|x64.Build.0 = Debug|Any CPU
		{6C1D5081-81A7-428A-9083-0E3904F45969}.Debug|x86.ActiveCfg = Debug|Any CPU
		{6C1D5081-81A7-428A-9083-0E3904F45969}.Debug|x86.Build.0 = Debug|Any CPU
		{6C1D5081-81A7-428A-9083-0E3904F45969}.Release|Any CPU.ActiveCfg = Release|Any CPU
		{6C1D5081-81A7-428A-9083-0E3904F45969}.Release|Any CPU.Build.0 = Release|Any CPU
		{6C1D5081-81A7-428A-9083-0E3904F45969}.Release|x64.ActiveCfg = Release|Any CPU
		{6C1D5081-81A7-428A-9083-0E3904F45969}.Release|x64.Build.0 = Release|Any CPU
		{6C1D5081-81A7-428A-9083-0E3904F45969}.Release|x86.ActiveCfg = Release|Any CPU
		{6C1D5081-81A7-428A-9083-0E3904F45969}.Release|x86.Build.0 = Release|Any CPU
		{68E56FD2-C8F4-486E-B1F1-67486694ED33}.Debug|Any CPU.ActiveCfg = Debug|Any CPU
		{68E56FD2-C8F4-486E-B1F1-67486694ED33}.Debug|Any CPU.Build.0 = Debug|Any CPU
		{68E56FD2-C8F4-486E-B1F1-67486694ED33}.Debug|x64.ActiveCfg = Debug|Any CPU
		{68E56FD2-C8F4-486E-B1F1-67486694ED33}.Debug|x64.Build.0 = Debug|Any CPU
		{68E56FD2-C8F4-486E-B1F1-67486694ED33}.Debug|x86.ActiveCfg = Debug|Any CPU
		{68E56FD2-C8F4-486E-B1F1-67486694ED33}.Debug|x86.Build.0 = Debug|Any CPU
		{68E56FD2-C8F4-486E-B1F1-67486694ED33}.Release|Any CPU.ActiveCfg = Release|Any CPU
		{68E56FD2-C8F4-486E-B1F1-67486694ED33}.Release|Any CPU.Build.0 = Release|Any CPU
		{68E56FD2-C8F4-486E-B1F1-67486694ED33}.Release|x64.ActiveCfg = Release|Any CPU
		{68E56FD2-C8F4-486E-B1F1-67486694ED33}.Release|x64.Build.0 = Release|Any CPU
		{68E56FD2-C8F4-486E-B1F1-67486694ED33}.Release|x86.ActiveCfg = Release|Any CPU
		{68E56FD2-C8F4-486E-B1F1-67486694ED33}.Release|x86.Build.0 = Release|Any CPU
		{7944C430-CB03-42E3-8F66-E733B17669FC}.Debug|Any CPU.ActiveCfg = Debug|Any CPU
		{7944C430-CB03-42E3-8F66-E733B17669FC}.Debug|Any CPU.Build.0 = Debug|Any CPU
		{7944C430-CB03-42E3-8F66-E733B17669FC}.Debug|x64.ActiveCfg = Debug|Any CPU
		{7944C430-CB03-42E3-8F66-E733B17669FC}.Debug|x64.Build.0 = Debug|Any CPU
		{7944C430-CB03-42E3-8F66-E733B17669FC}.Debug|x86.ActiveCfg = Debug|Any CPU
		{7944C430-CB03-42E3-8F66-E733B17669FC}.Debug|x86.Build.0 = Debug|Any CPU
		{7944C430-CB03-42E3-8F66-E733B17669FC}.Release|Any CPU.ActiveCfg = Release|Any CPU
		{7944C430-CB03-42E3-8F66-E733B17669FC}.Release|Any CPU.Build.0 = Release|Any CPU
		{7944C430-CB03-42E3-8F66-E733B17669FC}.Release|x64.ActiveCfg = Release|Any CPU
		{7944C430-CB03-42E3-8F66-E733B17669FC}.Release|x64.Build.0 = Release|Any CPU
		{7944C430-CB03-42E3-8F66-E733B17669FC}.Release|x86.ActiveCfg = Release|Any CPU
		{7944C430-CB03-42E3-8F66-E733B17669FC}.Release|x86.Build.0 = Release|Any CPU
		{2DF213D2-C12C-4E03-AD6D-FA1BE11B04C7}.Debug|Any CPU.ActiveCfg = Debug|Any CPU
		{2DF213D2-C12C-4E03-AD6D-FA1BE11B04C7}.Debug|Any CPU.Build.0 = Debug|Any CPU
		{2DF213D2-C12C-4E03-AD6D-FA1BE11B04C7}.Debug|x64.ActiveCfg = Debug|Any CPU
		{2DF213D2-C12C-4E03-AD6D-FA1BE11B04C7}.Debug|x64.Build.0 = Debug|Any CPU
		{2DF213D2-C12C-4E03-AD6D-FA1BE11B04C7}.Debug|x86.ActiveCfg = Debug|Any CPU
		{2DF213D2-C12C-4E03-AD6D-FA1BE11B04C7}.Debug|x86.Build.0 = Debug|Any CPU
		{2DF213D2-C12C-4E03-AD6D-FA1BE11B04C7}.Release|Any CPU.ActiveCfg = Release|Any CPU
		{2DF213D2-C12C-4E03-AD6D-FA1BE11B04C7}.Release|Any CPU.Build.0 = Release|Any CPU
		{2DF213D2-C12C-4E03-AD6D-FA1BE11B04C7}.Release|x64.ActiveCfg = Release|Any CPU
		{2DF213D2-C12C-4E03-AD6D-FA1BE11B04C7}.Release|x64.Build.0 = Release|Any CPU
		{2DF213D2-C12C-4E03-AD6D-FA1BE11B04C7}.Release|x86.ActiveCfg = Release|Any CPU
		{2DF213D2-C12C-4E03-AD6D-FA1BE11B04C7}.Release|x86.Build.0 = Release|Any CPU
		{7187467E-C40F-4478-A949-6EA64E4513A3}.Debug|Any CPU.ActiveCfg = Debug|Any CPU
		{7187467E-C40F-4478-A949-6EA64E4513A3}.Debug|Any CPU.Build.0 = Debug|Any CPU
		{7187467E-C40F-4478-A949-6EA64E4513A3}.Debug|x64.ActiveCfg = Debug|Any CPU
		{7187467E-C40F-4478-A949-6EA64E4513A3}.Debug|x64.Build.0 = Debug|Any CPU
		{7187467E-C40F-4478-A949-6EA64E4513A3}.Debug|x86.ActiveCfg = Debug|Any CPU
		{7187467E-C40F-4478-A949-6EA64E4513A3}.Debug|x86.Build.0 = Debug|Any CPU
		{7187467E-C40F-4478-A949-6EA64E4513A3}.Release|Any CPU.ActiveCfg = Release|Any CPU
		{7187467E-C40F-4478-A949-6EA64E4513A3}.Release|Any CPU.Build.0 = Release|Any CPU
		{7187467E-C40F-4478-A949-6EA64E4513A3}.Release|x64.ActiveCfg = Release|Any CPU
		{7187467E-C40F-4478-A949-6EA64E4513A3}.Release|x64.Build.0 = Release|Any CPU
		{7187467E-C40F-4478-A949-6EA64E4513A3}.Release|x86.ActiveCfg = Release|Any CPU
		{7187467E-C40F-4478-A949-6EA64E4513A3}.Release|x86.Build.0 = Release|Any CPU
		{EC9E5730-94C8-4C74-99F6-6FF224E320D4}.Debug|Any CPU.ActiveCfg = Debug|Any CPU
		{EC9E5730-94C8-4C74-99F6-6FF224E320D4}.Debug|Any CPU.Build.0 = Debug|Any CPU
		{EC9E5730-94C8-4C74-99F6-6FF224E320D4}.Debug|x64.ActiveCfg = Debug|Any CPU
		{EC9E5730-94C8-4C74-99F6-6FF224E320D4}.Debug|x64.Build.0 = Debug|Any CPU
		{EC9E5730-94C8-4C74-99F6-6FF224E320D4}.Debug|x86.ActiveCfg = Debug|Any CPU
		{EC9E5730-94C8-4C74-99F6-6FF224E320D4}.Debug|x86.Build.0 = Debug|Any CPU
		{EC9E5730-94C8-4C74-99F6-6FF224E320D4}.Release|Any CPU.ActiveCfg = Release|Any CPU
		{EC9E5730-94C8-4C74-99F6-6FF224E320D4}.Release|Any CPU.Build.0 = Release|Any CPU
		{EC9E5730-94C8-4C74-99F6-6FF224E320D4}.Release|x64.ActiveCfg = Release|Any CPU
		{EC9E5730-94C8-4C74-99F6-6FF224E320D4}.Release|x64.Build.0 = Release|Any CPU
		{EC9E5730-94C8-4C74-99F6-6FF224E320D4}.Release|x86.ActiveCfg = Release|Any CPU
		{EC9E5730-94C8-4C74-99F6-6FF224E320D4}.Release|x86.Build.0 = Release|Any CPU
		{3B28579B-1AB8-4037-9B3C-F2FDA98C3CCF}.Debug|Any CPU.ActiveCfg = Debug|Any CPU
		{3B28579B-1AB8-4037-9B3C-F2FDA98C3CCF}.Debug|Any CPU.Build.0 = Debug|Any CPU
		{3B28579B-1AB8-4037-9B3C-F2FDA98C3CCF}.Debug|x64.ActiveCfg = Debug|Any CPU
		{3B28579B-1AB8-4037-9B3C-F2FDA98C3CCF}.Debug|x64.Build.0 = Debug|Any CPU
		{3B28579B-1AB8-4037-9B3C-F2FDA98C3CCF}.Debug|x86.ActiveCfg = Debug|Any CPU
		{3B28579B-1AB8-4037-9B3C-F2FDA98C3CCF}.Debug|x86.Build.0 = Debug|Any CPU
		{3B28579B-1AB8-4037-9B3C-F2FDA98C3CCF}.Release|Any CPU.ActiveCfg = Release|Any CPU
		{3B28579B-1AB8-4037-9B3C-F2FDA98C3CCF}.Release|Any CPU.Build.0 = Release|Any CPU
		{3B28579B-1AB8-4037-9B3C-F2FDA98C3CCF}.Release|x64.ActiveCfg = Release|Any CPU
		{3B28579B-1AB8-4037-9B3C-F2FDA98C3CCF}.Release|x64.Build.0 = Release|Any CPU
		{3B28579B-1AB8-4037-9B3C-F2FDA98C3CCF}.Release|x86.ActiveCfg = Release|Any CPU
		{3B28579B-1AB8-4037-9B3C-F2FDA98C3CCF}.Release|x86.Build.0 = Release|Any CPU
	EndGlobalSection
	GlobalSection(SolutionProperties) = preSolution
		HideSolutionNode = FALSE
	EndGlobalSection
	GlobalSection(NestedProjects) = preSolution
		{99D923A4-0AFE-4336-A0B6-6D167DCF0FDB} = {827E0CD3-B72D-47B6-A68D-7590B98EB39B}
		{6C1D5081-81A7-428A-9083-0E3904F45969} = {827E0CD3-B72D-47B6-A68D-7590B98EB39B}
		{68E56FD2-C8F4-486E-B1F1-67486694ED33} = {827E0CD3-B72D-47B6-A68D-7590B98EB39B}
		{7944C430-CB03-42E3-8F66-E733B17669FC} = {827E0CD3-B72D-47B6-A68D-7590B98EB39B}
		{2DF213D2-C12C-4E03-AD6D-FA1BE11B04C7} = {827E0CD3-B72D-47B6-A68D-7590B98EB39B}
		{7187467E-C40F-4478-A949-6EA64E4513A3} = {827E0CD3-B72D-47B6-A68D-7590B98EB39B}
		{EC9E5730-94C8-4C74-99F6-6FF224E320D4} = {827E0CD3-B72D-47B6-A68D-7590B98EB39B}
		{3B28579B-1AB8-4037-9B3C-F2FDA98C3CCF} = {827E0CD3-B72D-47B6-A68D-7590B98EB39B}
	EndGlobalSection
	GlobalSection(ExtensibilityGlobals) = postSolution
		SolutionGuid = {827A6346-902F-4D68-9261-53BD2C73C058}
	EndGlobalSection
EndGlobal
